
Microsoft Visual Studio Solution File, Format Version 12.00
# Visual Studio Version 17
VisualStudioVersion = 17.1.32210.238
MinimumVisualStudioVersion = 10.0.40219.1
Project("{9A19103F-16F7-4668-BE54-9A1E7A4F7556}") = "Implements.Application.Audit", "Implements.Application.Audit\Implements.Application.Audit.csproj", "{FCCF4782-EFC7-4A4A-8984-F75C89851778}"
EndProject
Project("{9A19103F-16F7-4668-BE54-9A1E7A4F7556}") = "Implements.Module.Encryption", "Implements.Module.Encryption\Implements.Module.Encryption.csproj", "{759CEE70-7124-49BE-84A2-F74123071707}"
EndProject
Project("{9A19103F-16F7-4668-BE54-9A1E7A4F7556}") = "Implements.Module.Configuration", "Implements.Module.Configuration\Implements.Module.Configuration.csproj", "{E826B293-7855-472F-9069-CDC4E32DE347}"
EndProject
Project("{9A19103F-16F7-4668-BE54-9A1E7A4F7556}") = "Implements.Module.Converter", "Implements.Module.Converter\Implements.Module.Converter.csproj", "{F46B73BC-491E-45C0-BFAE-F04C6BFF6DFC}"
EndProject
Project("{9A19103F-16F7-4668-BE54-9A1E7A4F7556}") = "Implements.Module.Deserializer", "Implements.Module.Deserializer\Implements.Module.Deserializer.csproj", "{1C83C342-BC09-43D5-BCEF-D5B2375B6C92}"
EndProject
Project("{9A19103F-16F7-4668-BE54-9A1E7A4F7556}") = "Implements.Module.Logger", "Implements.Module.Logger\Implements.Module.Logger.csproj", "{EA4FA17C-FD9B-4B57-A0ED-9D6D23EF6A31}"
EndProject
Project("{9A19103F-16F7-4668-BE54-9A1E7A4F7556}") = "Implements.Module.Queue", "Implements.Module.Queue\Implements.Module.Queue.csproj", "{65ED4C59-C695-424F-BAF7-3FFA9F824D3C}"
EndProject
Project("{9A19103F-16F7-4668-BE54-9A1E7A4F7556}") = "Implements.Module.Queue.Test", "Implements.Module.Queue.Test\Implements.Module.Queue.Test.csproj", "{C07B3C76-8059-4ED8-AD36-D95B089747C9}"
EndProject
Project("{2150E333-8FDC-42A3-9474-1A3956D46DE8}") = "Queue", "Queue", "{4B5348E6-370C-4867-B3E2-D7A720E5D523}"
EndProject
Project("{9A19103F-16F7-4668-BE54-9A1E7A4F7556}") = "Implements.Function.Queue.Source", "Implements.Function.Queue.Source\Implements.Function.Queue.Source.csproj", "{CC7C15D3-6186-401E-AB54-43125C25301E}"
EndProject
Project("{FAE04EC0-301F-11D3-BF4B-00C04F79EFBC}") = "Implements.Function.Queue.Target", "Implements.Function.Queue.Target\Implements.Function.Queue.Target.csproj", "{10E51F69-BDBE-49D9-9D5F-DF510DAEF65B}"
EndProject
Project("{2150E333-8FDC-42A3-9474-1A3956D46DE8}") = "Markdown", "Markdown", "{02EA681E-C7D8-13C7-8484-4AC65E1B71E8}"
	ProjectSection(SolutionItems) = preProject
		current-test-summary.md = current-test-summary.md
		Implements.Module.Queue\QueueManager.md = Implements.Module.Queue\QueueManager.md
	EndProjectSection
EndProject
Global
	GlobalSection(SolutionConfigurationPlatforms) = preSolution
		Debug|Any CPU = Debug|Any CPU
		Release|Any CPU = Release|Any CPU
	EndGlobalSection
	GlobalSection(ProjectConfigurationPlatforms) = postSolution
		{FCCF4782-EFC7-4A4A-8984-F75C89851778}.Debug|Any CPU.ActiveCfg = Debug|Any CPU
		{FCCF4782-EFC7-4A4A-8984-F75C89851778}.Debug|Any CPU.Build.0 = Debug|Any CPU
		{FCCF4782-EFC7-4A4A-8984-F75C89851778}.Release|Any CPU.ActiveCfg = Release|Any CPU
		{FCCF4782-EFC7-4A4A-8984-F75C89851778}.Release|Any CPU.Build.0 = Release|Any CPU
		{759CEE70-7124-49BE-84A2-F74123071707}.Debug|Any CPU.ActiveCfg = Debug|Any CPU
		{759CEE70-7124-49BE-84A2-F74123071707}.Debug|Any CPU.Build.0 = Debug|Any CPU
		{759CEE70-7124-49BE-84A2-F74123071707}.Release|Any CPU.ActiveCfg = Release|Any CPU
		{759CEE70-7124-49BE-84A2-F74123071707}.Release|Any CPU.Build.0 = Release|Any CPU
		{E826B293-7855-472F-9069-CDC4E32DE347}.Debug|Any CPU.ActiveCfg = Debug|Any CPU
		{E826B293-7855-472F-9069-CDC4E32DE347}.Debug|Any CPU.Build.0 = Debug|Any CPU
		{E826B293-7855-472F-9069-CDC4E32DE347}.Release|Any CPU.ActiveCfg = Release|Any CPU
		{E826B293-7855-472F-9069-CDC4E32DE347}.Release|Any CPU.Build.0 = Release|Any CPU
		{F46B73BC-491E-45C0-BFAE-F04C6BFF6DFC}.Debug|Any CPU.ActiveCfg = Debug|Any CPU
		{F46B73BC-491E-45C0-BFAE-F04C6BFF6DFC}.Debug|Any CPU.Build.0 = Debug|Any CPU
		{F46B73BC-491E-45C0-BFAE-F04C6BFF6DFC}.Release|Any CPU.ActiveCfg = Release|Any CPU
		{F46B73BC-491E-45C0-BFAE-F04C6BFF6DFC}.Release|Any CPU.Build.0 = Release|Any CPU
		{1C83C342-BC09-43D5-BCEF-D5B2375B6C92}.Debug|Any CPU.ActiveCfg = Debug|Any CPU
		{1C83C342-BC09-43D5-BCEF-D5B2375B6C92}.Debug|Any CPU.Build.0 = Debug|Any CPU
		{1C83C342-BC09-43D5-BCEF-D5B2375B6C92}.Release|Any CPU.ActiveCfg = Release|Any CPU
		{1C83C342-BC09-43D5-BCEF-D5B2375B6C92}.Release|Any CPU.Build.0 = Release|Any CPU
		{EA4FA17C-FD9B-4B57-A0ED-9D6D23EF6A31}.Debug|Any CPU.ActiveCfg = Debug|Any CPU
		{EA4FA17C-FD9B-4B57-A0ED-9D6D23EF6A31}.Debug|Any CPU.Build.0 = Debug|Any CPU
		{EA4FA17C-FD9B-4B57-A0ED-9D6D23EF6A31}.Release|Any CPU.ActiveCfg = Release|Any CPU
		{EA4FA17C-FD9B-4B57-A0ED-9D6D23EF6A31}.Release|Any CPU.Build.0 = Release|Any CPU
		{65ED4C59-C695-424F-BAF7-3FFA9F824D3C}.Debug|Any CPU.ActiveCfg = Debug|Any CPU
		{65ED4C59-C695-424F-BAF7-3FFA9F824D3C}.Debug|Any CPU.Build.0 = Debug|Any CPU
		{65ED4C59-C695-424F-BAF7-3FFA9F824D3C}.Release|Any CPU.ActiveCfg = Release|Any CPU
		{65ED4C59-C695-424F-BAF7-3FFA9F824D3C}.Release|Any CPU.Build.0 = Release|Any CPU
		{C07B3C76-8059-4ED8-AD36-D95B089747C9}.Debug|Any CPU.ActiveCfg = Debug|Any CPU
		{C07B3C76-8059-4ED8-AD36-D95B089747C9}.Debug|Any CPU.Build.0 = Debug|Any CPU
		{C07B3C76-8059-4ED8-AD36-D95B089747C9}.Release|Any CPU.ActiveCfg = Release|Any CPU
		{C07B3C76-8059-4ED8-AD36-D95B089747C9}.Release|Any CPU.Build.0 = Release|Any CPU
		{CC7C15D3-6186-401E-AB54-43125C25301E}.Debug|Any CPU.ActiveCfg = Debug|Any CPU
		{CC7C15D3-6186-401E-AB54-43125C25301E}.Debug|Any CPU.Build.0 = Debug|Any CPU
		{CC7C15D3-6186-401E-AB54-43125C25301E}.Release|Any CPU.ActiveCfg = Release|Any CPU
		{CC7C15D3-6186-401E-AB54-43125C25301E}.Release|Any CPU.Build.0 = Release|Any CPU
		{10E51F69-BDBE-49D9-9D5F-DF510DAEF65B}.Debug|Any CPU.ActiveCfg = Debug|Any CPU
		{10E51F69-BDBE-49D9-9D5F-DF510DAEF65B}.Debug|Any CPU.Build.0 = Debug|Any CPU
		{10E51F69-BDBE-49D9-9D5F-DF510DAEF65B}.Release|Any CPU.ActiveCfg = Release|Any CPU
		{10E51F69-BDBE-49D9-9D5F-DF510DAEF65B}.Release|Any CPU.Build.0 = Release|Any CPU
	EndGlobalSection
	GlobalSection(SolutionProperties) = preSolution
		HideSolutionNode = FALSE
	EndGlobalSection
	GlobalSection(NestedProjects) = preSolution
		{65ED4C59-C695-424F-BAF7-3FFA9F824D3C} = {4B5348E6-370C-4867-B3E2-D7A720E5D523}
		{C07B3C76-8059-4ED8-AD36-D95B089747C9} = {4B5348E6-370C-4867-B3E2-D7A720E5D523}
		{CC7C15D3-6186-401E-AB54-43125C25301E} = {4B5348E6-370C-4867-B3E2-D7A720E5D523}
		{10E51F69-BDBE-49D9-9D5F-DF510DAEF65B} = {4B5348E6-370C-4867-B3E2-D7A720E5D523}
		{02EA681E-C7D8-13C7-8484-4AC65E1B71E8} = {4B5348E6-370C-4867-B3E2-D7A720E5D523}
	EndGlobalSection
	GlobalSection(ExtensibilityGlobals) = postSolution
		SolutionGuid = {B9BF02F2-F099-4A9C-A7B1-520CE4D7DC14}
	EndGlobalSection
EndGlobal
