
Microsoft Visual Studio Solution File, Format Version 12.00
# Visual Studio Version 17
VisualStudioVersion = 17.1.32210.238
MinimumVisualStudioVersion = 10.0.40219.1
Project("{9A19103F-16F7-4668-BE54-9A1E7A4F7556}") = "KirokuG2.Module.Client", "KirokuG2.Module.Client\KirokuG2.Module.Client.csproj", "{46379F30-0553-4ED6-91B7-78B1FB7FC013}"
EndProject
Project("{9A19103F-16F7-4668-BE54-9A1E7A4F7556}") = "KirokuG2.Internal.Loader", "KirokuG2.Internal.Loader\KirokuG2.Internal.Loader.csproj", "{D524ACAD-B5F2-4F3E-9947-F409568B6505}"
EndProject
Project("{9A19103F-16F7-4668-BE54-9A1E7A4F7556}") = "KirokuG2.Function.Injektr", "KirokuG2.Function.Injektr\KirokuG2.Function.Injektr.csproj", "{C493B8AA-890B-4DA1-836D-05F7DE89BC2C}"
EndProject
Project("{9A19103F-16F7-4668-BE54-9A1E7A4F7556}") = "KirokuG2.Function.Service", "KirokuG2.Function.Service\KirokuG2.Function.Service.csproj", "{1FAF3B5B-5A2F-45BC-BFE0-4D3DE552B5BA}"
EndProject
Project("{9A19103F-16F7-4668-BE54-9A1E7A4F7556}") = "KirokuG2.Function.Processor", "KirokuG2.Function.Processor\KirokuG2.Function.Processor.csproj", "{81465187-BA55-4E8F-BC51-1AB746D2E1C7}"
EndProject
Project("{9A19103F-16F7-4668-BE54-9A1E7A4F7556}") = "KirokuG2.Internal.Loader.Test", "KirokuG2.Internal.Loader.Test\KirokuG2.Internal.Loader.Test.csproj", "{53ECB1DA-D669-4F6F-85C7-37760F388FD9}"
EndProject
Project("{FAE04EC0-301F-11D3-BF4B-00C04F79EFBC}") = "KirokuG2.Internal.Portal", "KirokuG2.Internal.Portal\KirokuG2.Internal.Portal.csproj", "{0CF09197-4923-4EB7-9245-C6D437DAB00B}"
EndProject
Project("{FAE04EC0-301F-11D3-BF4B-00C04F79EFBC}") = "KirokuG2.Function.Portal", "KirokuG2.Function.Portal\KirokuG2.Function.Portal.csproj", "{0140220F-6CEC-4CE7-8F67-A38B051EABEE}"
EndProject
Global
	GlobalSection(SolutionConfigurationPlatforms) = preSolution
		Debug|Any CPU = Debug|Any CPU
		Release|Any CPU = Release|Any CPU
	EndGlobalSection
	GlobalSection(ProjectConfigurationPlatforms) = postSolution
		{46379F30-0553-4ED6-91B7-78B1FB7FC013}.Debug|Any CPU.ActiveCfg = Debug|Any CPU
		{46379F30-0553-4ED6-91B7-78B1FB7FC013}.Debug|Any CPU.Build.0 = Debug|Any CPU
		{46379F30-0553-4ED6-91B7-78B1FB7FC013}.Release|Any CPU.ActiveCfg = Release|Any CPU
		{46379F30-0553-4ED6-91B7-78B1FB7FC013}.Release|Any CPU.Build.0 = Release|Any CPU
		{D524ACAD-B5F2-4F3E-9947-F409568B6505}.Debug|Any CPU.ActiveCfg = Debug|Any CPU
		{D524ACAD-B5F2-4F3E-9947-F409568B6505}.Debug|Any CPU.Build.0 = Debug|Any CPU
		{D524ACAD-B5F2-4F3E-9947-F409568B6505}.Release|Any CPU.ActiveCfg = Release|Any CPU
		{D524ACAD-B5F2-4F3E-9947-F409568B6505}.Release|Any CPU.Build.0 = Release|Any CPU
		{C493B8AA-890B-4DA1-836D-05F7DE89BC2C}.Debug|Any CPU.ActiveCfg = Debug|Any CPU
		{C493B8AA-890B-4DA1-836D-05F7DE89BC2C}.Debug|Any CPU.Build.0 = Debug|Any CPU
		{C493B8AA-890B-4DA1-836D-05F7DE89BC2C}.Release|Any CPU.ActiveCfg = Release|Any CPU
		{C493B8AA-890B-4DA1-836D-05F7DE89BC2C}.Release|Any CPU.Build.0 = Release|Any CPU
		{1FAF3B5B-5A2F-45BC-BFE0-4D3DE552B5BA}.Debug|Any CPU.ActiveCfg = Debug|Any CPU
		{1FAF3B5B-5A2F-45BC-BFE0-4D3DE552B5BA}.Debug|Any CPU.Build.0 = Debug|Any CPU
		{1FAF3B5B-5A2F-45BC-BFE0-4D3DE552B5BA}.Release|Any CPU.ActiveCfg = Release|Any CPU
		{1FAF3B5B-5A2F-45BC-BFE0-4D3DE552B5BA}.Release|Any CPU.Build.0 = Release|Any CPU
		{81465187-BA55-4E8F-BC51-1AB746D2E1C7}.Debug|Any CPU.ActiveCfg = Debug|Any CPU
		{81465187-BA55-4E8F-BC51-1AB746D2E1C7}.Debug|Any CPU.Build.0 = Debug|Any CPU
		{81465187-BA55-4E8F-BC51-1AB746D2E1C7}.Release|Any CPU.ActiveCfg = Release|Any CPU
		{81465187-BA55-4E8F-BC51-1AB746D2E1C7}.Release|Any CPU.Build.0 = Release|Any CPU
		{53ECB1DA-D669-4F6F-85C7-37760F388FD9}.Debug|Any CPU.ActiveCfg = Debug|Any CPU
		{53ECB1DA-D669-4F6F-85C7-37760F388FD9}.Debug|Any CPU.Build.0 = Debug|Any CPU
		{53ECB1DA-D669-4F6F-85C7-37760F388FD9}.Release|Any CPU.ActiveCfg = Release|Any CPU
		{53ECB1DA-D669-4F6F-85C7-37760F388FD9}.Release|Any CPU.Build.0 = Release|Any CPU
		{0CF09197-4923-4EB7-9245-C6D437DAB00B}.Debug|Any CPU.ActiveCfg = Debug|Any CPU
		{0CF09197-4923-4EB7-9245-C6D437DAB00B}.Debug|Any CPU.Build.0 = Debug|Any CPU
		{0CF09197-4923-4EB7-9245-C6D437DAB00B}.Release|Any CPU.ActiveCfg = Release|Any CPU
		{0CF09197-4923-4EB7-9245-C6D437DAB00B}.Release|Any CPU.Build.0 = Release|Any CPU
		{0140220F-6CEC-4CE7-8F67-A38B051EABEE}.Debug|Any CPU.ActiveCfg = Debug|Any CPU
		{0140220F-6CEC-4CE7-8F67-A38B051EABEE}.Debug|Any CPU.Build.0 = Debug|Any CPU
		{0140220F-6CEC-4CE7-8F67-A38B051EABEE}.Release|Any CPU.ActiveCfg = Release|Any CPU
		{0140220F-6CEC-4CE7-8F67-A38B051EABEE}.Release|Any CPU.Build.0 = Release|Any CPU
	EndGlobalSection
	GlobalSection(SolutionProperties) = preSolution
		HideSolutionNode = FALSE
	EndGlobalSection
	GlobalSection(ExtensibilityGlobals) = postSolution
		SolutionGuid = {AAC3EF2C-0C2D-4DCC-B83C-8F6596F22A88}
	EndGlobalSection
EndGlobal
